{
  "name": "rrgpt",
  "version": "1.0.0",
  "lockfileVersion": 3,
  "requires": true,
  "packages": {
    "": {
      "name": "rrgpt",
      "version": "1.0.0",
      "dependencies": {
        "@google/generative-ai": "^0.2.0",
        "highlight.js": "^11.8.0",
        "markdown-it": "^14.0.0",
        "typed.js": "^2.1.0"
      },
      "devDependencies": {
        "vite": "^5.0.8"
      }
    }
  }
}
